
Microsoft Visual Studio Solution File, Format Version 12.00
# Visual Studio 15
VisualStudioVersion = 15.0.28307.329
MinimumVisualStudioVersion = 10.0.40219.1
Project("{9A19103F-16F7-4668-BE54-9A1E7A4F7556}") = "_04_Example", "_04_Example\_04_Example.csproj", "{2911920F-C74B-4358-8170-FC07993F5948}"
EndProject
Project("{2150E333-8FDC-42A3-9474-1A3956D46DE8}") = "Entity", "Entity", "{47F7AD4E-D27E-460E-9DAB-4C16DA74F9A7}"
EndProject
Project("{FAE04EC0-301F-11D3-BF4B-00C04F79EFBC}") = "_04_Example_Entity", "Entity\_04_Example_Entity\_04_Example_Entity.csproj", "{41923033-5C6F-49A9-95E7-413E2B872C06}"
EndProject
Global
	GlobalSection(SolutionConfigurationPlatforms) = preSolution
		Debug|Any CPU = Debug|Any CPU
		Release|Any CPU = Release|Any CPU
	EndGlobalSection
	GlobalSection(ProjectConfigurationPlatforms) = postSolution
		{2911920F-C74B-4358-8170-FC07993F5948}.Debug|Any CPU.ActiveCfg = Debug|Any CPU
		{2911920F-C74B-4358-8170-FC07993F5948}.Debug|Any CPU.Build.0 = Debug|Any CPU
		{2911920F-C74B-4358-8170-FC07993F5948}.Release|Any CPU.ActiveCfg = Release|Any CPU
		{2911920F-C74B-4358-8170-FC07993F5948}.Release|Any CPU.Build.0 = Release|Any CPU
		{41923033-5C6F-49A9-95E7-413E2B872C06}.Debug|Any CPU.ActiveCfg = Debug|Any CPU
		{41923033-5C6F-49A9-95E7-413E2B872C06}.Debug|Any CPU.Build.0 = Debug|Any CPU
		{41923033-5C6F-49A9-95E7-413E2B872C06}.Release|Any CPU.ActiveCfg = Release|Any CPU
		{41923033-5C6F-49A9-95E7-413E2B872C06}.Release|Any CPU.Build.0 = Release|Any CPU
	EndGlobalSection
	GlobalSection(SolutionProperties) = preSolution
		HideSolutionNode = FALSE
	EndGlobalSection
	GlobalSection(NestedProjects) = preSolution
		{41923033-5C6F-49A9-95E7-413E2B872C06} = {47F7AD4E-D27E-460E-9DAB-4C16DA74F9A7}
	EndGlobalSection
	GlobalSection(ExtensibilityGlobals) = postSolution
		SolutionGuid = {DC6D1793-DF05-4218-82B0-8AC9CD0F1D76}
	EndGlobalSection
EndGlobal
